<?xml version="1.0" encoding="utf-8"?>
<Project ToolsVersion="4.0" xmlns="http://schemas.microsoft.com/developer/msbuild/2003">
  <ItemGroup>
    <Filter Include="Source Files">
      <UniqueIdentifier>{4FC737F1-C7A5-4376-A066-2A32D752A2FF}</UniqueIdentifier>
      <Extensions>cpp;c;cc;cxx;c++;cppm;ixx;def;odl;idl;hpj;bat;asm;asmx</Extensions>
    </Filter>
    <Filter Include="Header Files">
      <UniqueIdentifier>{93995380-89BD-4b04-88EB-625FBE52EBFB}</UniqueIdentifier>
      <Extensions>h;hh;hpp;hxx;h++;hm;inl;inc;ipp;xsd</Extensions>
    </Filter>
    <Filter Include="Resource Files">
      <UniqueIdentifier>{67DA6AB6-F800-4c08-8B7A-83BB121AAD01}</UniqueIdentifier>
      <Extensions>rc;ico;cur;bmp;dlg;rc2;rct;bin;rgs;gif;jpg;jpeg;jpe;resx;tiff;tif;png;wav;mfcribbon-ms</Extensions>
    </Filter>
    <Filter Include="Header Files\Chess">
      <UniqueIdentifier>{d0777b79-0386-4a5c-b2c7-00a8ef9524fb}</UniqueIdentifier>
    </Filter>
    <Filter Include="Source Files\Chess">
      <UniqueIdentifier>{60abff5a-39da-426e-9344-f8f96ad9287e}</UniqueIdentifier>
    </Filter>
  </ItemGroup>
  <ItemGroup>
    <ClCompile Include="XarxesClasse.cpp">
      <Filter>Source Files</Filter>
    </ClCompile>
    <ClCompile Include="ConsoleControl.cpp">
      <Filter>Source Files</Filter>
    </ClCompile>
    <ClCompile Include="Chat.cpp">
      <Filter>Source Files</Filter>
    </ClCompile>
    <ClCompile Include="ConnectionAbstraction\SocketsManager.cpp">
      <Filter>Source Files</Filter>
    </ClCompile>
    <ClCompile Include="ConnectionAbstraction\Packet.cpp">
      <Filter>Source Files</Filter>
    </ClCompile>
    <ClCompile Include="ConnectionAbstraction\TcpSocket.cpp">
      <Filter>Source Files</Filter>
    </ClCompile>
    <ClCompile Include="ConnectionAbstraction\TcpListener.cpp">
      <Filter>Source Files</Filter>
    </ClCompile>
    <ClCompile Include="ConnectionAbstraction\SocketSelector.cpp">
      <Filter>Source Files</Filter>
    </ClCompile>
    <ClCompile Include="WindowsHelpers\Window.cpp">
      <Filter>Source Files</Filter>
    </ClCompile>
    <ClCompile Include="WindowsHelpers\Button.cpp">
      <Filter>Source Files</Filter>
    </ClCompile>
    <ClCompile Include="Chess\Bishop.cpp">
      <Filter>Source Files\Chess</Filter>
    </ClCompile>
    <ClCompile Include="Chess\Cell.cpp">
      <Filter>Source Files\Chess</Filter>
    </ClCompile>
    <ClCompile Include="Chess\Grid.cpp">
      <Filter>Source Files\Chess</Filter>
    </ClCompile>
    <ClCompile Include="Chess\King.cpp">
      <Filter>Source Files\Chess</Filter>
    </ClCompile>
    <ClCompile Include="Chess\Knight.cpp">
      <Filter>Source Files\Chess</Filter>
    </ClCompile>
    <ClCompile Include="Chess\Pawn.cpp">
      <Filter>Source Files\Chess</Filter>
    </ClCompile>
    <ClCompile Include="Chess\Queen.cpp">
      <Filter>Source Files\Chess</Filter>
    </ClCompile>
    <ClCompile Include="Chess\Tower.cpp">
      <Filter>Source Files\Chess</Filter>
    </ClCompile>
  </ItemGroup>
  <ItemGroup>
    <ClInclude Include="ConsoleControl.h">
      <Filter>Header Files</Filter>
    </ClInclude>
    <ClInclude Include="Chat.h">
      <Filter>Header Files</Filter>
    </ClInclude>
    <ClInclude Include="ConnectionAbstraction\SocketsManager.h">
      <Filter>Header Files</Filter>
    </ClInclude>
    <ClInclude Include="ConnectionAbstraction\Packet.h">
      <Filter>Header Files</Filter>
    </ClInclude>
    <ClInclude Include="ConnectionAbstraction\TcpSocket.h">
      <Filter>Header Files</Filter>
    </ClInclude>
    <ClInclude Include="ConnectionAbstraction\TcpListener.h">
      <Filter>Header Files</Filter>
    </ClInclude>
    <ClInclude Include="ConnectionAbstraction\SocketSelector.h">
      <Filter>Header Files</Filter>
    </ClInclude>
    <ClInclude Include="WindowsHelpers\Window.h">
      <Filter>Header Files</Filter>
    </ClInclude>
    <ClInclude Include="WindowsHelpers\Button.h">
      <Filter>Header Files</Filter>
    </ClInclude>
    <ClInclude Include="Chess\Protocol.h">
      <Filter>Header Files</Filter>
    </ClInclude>
    <ClInclude Include="Chess\Bishop.h">
      <Filter>Header Files\Chess</Filter>
    </ClInclude>
    <ClInclude Include="Chess\Cell.h">
      <Filter>Header Files\Chess</Filter>
    </ClInclude>
    <ClInclude Include="Chess\Game.h">
      <Filter>Header Files\Chess</Filter>
    </ClInclude>
    <ClInclude Include="Chess\Grid.h">
      <Filter>Header Files\Chess</Filter>
    </ClInclude>
    <ClInclude Include="Chess\King.h">
      <Filter>Header Files\Chess</Filter>
    </ClInclude>
    <ClInclude Include="Chess\Knight.h">
      <Filter>Header Files\Chess</Filter>
    </ClInclude>
    <ClInclude Include="Chess\Pawn.h">
      <Filter>Header Files\Chess</Filter>
    </ClInclude>
    <ClInclude Include="Chess\Piece.h">
      <Filter>Header Files\Chess</Filter>
    </ClInclude>
    <ClInclude Include="Chess\Queen.h">
      <Filter>Header Files\Chess</Filter>
    </ClInclude>
    <ClInclude Include="Chess\Tower.h">
      <Filter>Header Files\Chess</Filter>
    </ClInclude>
  </ItemGroup>
</Project>